tmux-floax 667db01164996641c89c696b4b9dfcfad3811d6e
tmux-fzf-url 3bc7b34c0321d5dfe4a8d2545be23654ad321fc0
tmux-lazy bfa522306c88e46e22bf0476ed56634d23132709
tmux-nerd-font-window-name bc43f25e67ed2d87cb04e27983851da359d79df5
tmux-notify 4e37358be51b22078e9361fd6ad0ae199cf03587
tmux-sessionx 37c9671c2a2ec2fbb031311cbf927104b6e9b1f7
tmux-thumbs ae91d5f7c0d989933e86409833c46a1eca521b6a
tmuxifier 895dace853fc4c979c8efd17c4206ea19ce837a6
tpm 99469c4a9b1ccf77fade25842dc7bafbc8ce9946
vim-tmux-navigator 5b3c701686fb4e6629c100ed32e827edf8dad01e
