# tpm.lock - generated by tpm-redux
# Do not edit manually

git@github.com:joshmedeski/tmux-fzf-url 3bc7b34c0321d5dfe4a8d2545be23654ad321fc0
git@github.com:joshmedeski/tmux-nerd-font-window-name 0af812a228e1b9f538b8d220c6c59d82d7228973
joshmedeski/vim-tmux-navigator 1d23e7c37efe93a2a563dfa453f6266e63461d80
rickstaa/tmux-notify b713320af05837c3b44e4d51167ff3062dbeae4b
jimeh/tmuxifier f268c12f3f05202cfbfff706063e4efc133edca8
tmux-plugins/tpm 99469c4a9b1ccf77fade25842dc7bafbc8ce9946
